
Microsoft Visual Studio Solution File, Format Version 12.00
# Visual Studio Version 17
VisualStudioVersion = 17.1.32407.343
MinimumVisualStudioVersion = 10.0.40219.1
Project("{FAE04EC0-301F-11D3-BF4B-00C04F79EFBC}") = "ClientForm", "ClientForm.csproj", "{3853E653-A5A5-460E-9FC9-D7EE48D81134}"
EndProject
Global
	GlobalSection(SolutionConfigurationPlatforms) = preSolution
		Debug|Any CPU = Debug|Any CPU
		Release|Any CPU = Release|Any CPU
	EndGlobalSection
	GlobalSection(ProjectConfigurationPlatforms) = postSolution
		{3853E653-A5A5-460E-9FC9-D7EE48D81134}.Debug|Any CPU.ActiveCfg = Debug|Any CPU
		{3853E653-A5A5-460E-9FC9-D7EE48D81134}.Debug|Any CPU.Build.0 = Debug|Any CPU
		{3853E653-A5A5-460E-9FC9-D7EE48D81134}.Release|Any CPU.ActiveCfg = Release|Any CPU
		{3853E653-A5A5-460E-9FC9-D7EE48D81134}.Release|Any CPU.Build.0 = Release|Any CPU
	EndGlobalSection
	GlobalSection(SolutionProperties) = preSolution
		HideSolutionNode = FALSE
	EndGlobalSection
	GlobalSection(ExtensibilityGlobals) = postSolution
		SolutionGuid = {51195FFA-12EF-46A6-895B-2BE18B80F040}
	EndGlobalSection
EndGlobal
