
Microsoft Visual Studio Solution File, Format Version 12.00
# Visual Studio Version 17
VisualStudioVersion = 17.1.32407.343
MinimumVisualStudioVersion = 10.0.40219.1
Project("{FAE04EC0-301F-11D3-BF4B-00C04F79EFBC}") = "RC_Core_API", "RC_Core_API.csproj", "{6057AFAC-9570-4ABB-BD49-D2AC5533D759}"
EndProject
Global
	GlobalSection(SolutionConfigurationPlatforms) = preSolution
		Debug|Any CPU = Debug|Any CPU
		Release|Any CPU = Release|Any CPU
	EndGlobalSection
	GlobalSection(ProjectConfigurationPlatforms) = postSolution
		{6057AFAC-9570-4ABB-BD49-D2AC5533D759}.Debug|Any CPU.ActiveCfg = Debug|Any CPU
		{6057AFAC-9570-4ABB-BD49-D2AC5533D759}.Debug|Any CPU.Build.0 = Debug|Any CPU
		{6057AFAC-9570-4ABB-BD49-D2AC5533D759}.Release|Any CPU.ActiveCfg = Release|Any CPU
		{6057AFAC-9570-4ABB-BD49-D2AC5533D759}.Release|Any CPU.Build.0 = Release|Any CPU
	EndGlobalSection
	GlobalSection(SolutionProperties) = preSolution
		HideSolutionNode = FALSE
	EndGlobalSection
	GlobalSection(ExtensibilityGlobals) = postSolution
		SolutionGuid = {9D24151A-8419-493B-9BCD-4BED03904E9D}
	EndGlobalSection
EndGlobal
